
Microsoft Visual Studio Solution File, Format Version 11.00
# Visual Studio 2010
Project("{FAE04EC0-301F-11D3-BF4B-00C04F79EFBC}") = "ConsoleApplication1", "ConsoleApplication1\ConsoleApplication1.csproj", "{D54EF01F-0288-4A50-8D5E-D3B92FF0F00D}"
EndProject
Global
	GlobalSection(TeamFoundationVersionControl) = preSolution
		SccNumberOfProjects = 2
		SccEnterpriseProvider = {4CA58AB2-18FA-4F8D-95D4-32DDF27D184C}
		SccTeamFoundationServer = http://apptfs.omni.local:8080/tfs/projects
		SccLocalPath0 = .
		SccProjectUniqueName1 = ConsoleApplication1\\ConsoleApplication1.csproj
		SccProjectName1 = ConsoleApplication1
		SccLocalPath1 = ConsoleApplication1
	EndGlobalSection
	GlobalSection(SolutionConfigurationPlatforms) = preSolution
		Debug|x86 = Debug|x86
		Release|x86 = Release|x86
	EndGlobalSection
	GlobalSection(ProjectConfigurationPlatforms) = postSolution
		{D54EF01F-0288-4A50-8D5E-D3B92FF0F00D}.Debug|x86.ActiveCfg = Debug|x86
		{D54EF01F-0288-4A50-8D5E-D3B92FF0F00D}.Debug|x86.Build.0 = Debug|x86
		{D54EF01F-0288-4A50-8D5E-D3B92FF0F00D}.Release|x86.ActiveCfg = Release|x86
		{D54EF01F-0288-4A50-8D5E-D3B92FF0F00D}.Release|x86.Build.0 = Release|x86
	EndGlobalSection
	GlobalSection(SolutionProperties) = preSolution
		HideSolutionNode = FALSE
	EndGlobalSection
EndGlobal
